// !$*UTF8*$!
{
	archiveVersion = 1;
	classes = {
	};
	objectVersion = 56;
	objects = {

/* Begin PBXBuildFile section */
		5D5815B22BD284D000428A1E /* OpeninApp.swift in Sources */ = {isa = PBXBuildFile; fileRef = 5D5815B12BD284D000428A1E /* OpeninApp.swift */; };
		5D5815B42BD284D000428A1E /* DashboardView.swift in Sources */ = {isa = PBXBuildFile; fileRef = 5D5815B32BD284D000428A1E /* DashboardView.swift */; };
		5D5815B62BD284D300428A1E /* Assets.xcassets in Resources */ = {isa = PBXBuildFile; fileRef = 5D5815B52BD284D300428A1E /* Assets.xcassets */; };
		5D5815B92BD284D300428A1E /* Preview Assets.xcassets in Resources */ = {isa = PBXBuildFile; fileRef = 5D5815B82BD284D300428A1E /* Preview Assets.xcassets */; };
		5D5815BB2BD284D300428A1E /* Persistence.swift in Sources */ = {isa = PBXBuildFile; fileRef = 5D5815BA2BD284D300428A1E /* Persistence.swift */; };
		5D5815BE2BD284D300428A1E /* Openin.xcdatamodeld in Sources */ = {isa = PBXBuildFile; fileRef = 5D5815BC2BD284D300428A1E /* Openin.xcdatamodeld */; };
		5D5815C52BD28CDF00428A1E /* MetricTile.swift in Sources */ = {isa = PBXBuildFile; fileRef = 5D5815C42BD28CDF00428A1E /* MetricTile.swift */; };
		5D5815C72BD28CF800428A1E /* LinkRow.swift in Sources */ = {isa = PBXBuildFile; fileRef = 5D5815C62BD28CF800428A1E /* LinkRow.swift */; };
		5D5815C92BD28D0500428A1E /* Toolbar.swift in Sources */ = {isa = PBXBuildFile; fileRef = 5D5815C82BD28D0500428A1E /* Toolbar.swift */; };
		5D5815CB2BD28D1400428A1E /* ChartView.swift in Sources */ = {isa = PBXBuildFile; fileRef = 5D5815CA2BD28D1400428A1E /* ChartView.swift */; };
		5D5815CD2BD28E0200428A1E /* SampleData.swift in Sources */ = {isa = PBXBuildFile; fileRef = 5D5815CC2BD28E0200428A1E /* SampleData.swift */; };
		5D5815D12BD3521400428A1E /* SubBar.swift in Sources */ = {isa = PBXBuildFile; fileRef = 5D5815D02BD3521400428A1E /* SubBar.swift */; };
		5D8588052BD3A5B3004D9F88 /* FetchjsonData.swift in Sources */ = {isa = PBXBuildFile; fileRef = 5D8588042BD3A5B3004D9F88 /* FetchjsonData.swift */; };
		5D8588072BD4042E004D9F88 /* JsonStructure.swift in Sources */ = {isa = PBXBuildFile; fileRef = 5D8588062BD4042E004D9F88 /* JsonStructure.swift */; };
		5DB987252BD94F000048B8AB /* TopBar.swift in Sources */ = {isa = PBXBuildFile; fileRef = 5DB987242BD94F000048B8AB /* TopBar.swift */; };
/* End PBXBuildFile section */

/* Begin PBXFileReference section */
		5D5815AE2BD284D000428A1E /* Openin.app */ = {isa = PBXFileReference; explicitFileType = wrapper.application; includeInIndex = 0; path = Openin.app; sourceTree = BUILT_PRODUCTS_DIR; };
		5D5815B12BD284D000428A1E /* OpeninApp.swift */ = {isa = PBXFileReference; lastKnownFileType = sourcecode.swift; path = OpeninApp.swift; sourceTree = "<group>"; };
		5D5815B32BD284D000428A1E /* DashboardView.swift */ = {isa = PBXFileReference; lastKnownFileType = sourcecode.swift; path = DashboardView.swift; sourceTree = "<group>"; };
		5D5815B52BD284D300428A1E /* Assets.xcassets */ = {isa = PBXFileReference; lastKnownFileType = folder.assetcatalog; path = Assets.xcassets; sourceTree = "<group>"; };
		5D5815B82BD284D300428A1E /* Preview Assets.xcassets */ = {isa = PBXFileReference; lastKnownFileType = folder.assetcatalog; path = "Preview Assets.xcassets"; sourceTree = "<group>"; };
		5D5815BA2BD284D300428A1E /* Persistence.swift */ = {isa = PBXFileReference; lastKnownFileType = sourcecode.swift; path = Persistence.swift; sourceTree = "<group>"; };
		5D5815BD2BD284D300428A1E /* Openin.xcdatamodel */ = {isa = PBXFileReference; lastKnownFileType = wrapper.xcdatamodel; path = Openin.xcdatamodel; sourceTree = "<group>"; };
		5D5815C42BD28CDF00428A1E /* MetricTile.swift */ = {isa = PBXFileReference; lastKnownFileType = sourcecode.swift; path = MetricTile.swift; sourceTree = "<group>"; };
		5D5815C62BD28CF800428A1E /* LinkRow.swift */ = {isa = PBXFileReference; lastKnownFileType = sourcecode.swift; path = LinkRow.swift; sourceTree = "<group>"; };
		5D5815C82BD28D0500428A1E /* Toolbar.swift */ = {isa = PBXFileReference; lastKnownFileType = sourcecode.swift; path = Toolbar.swift; sourceTree = "<group>"; };
		5D5815CA2BD28D1400428A1E /* ChartView.swift */ = {isa = PBXFileReference; lastKnownFileType = sourcecode.swift; path = ChartView.swift; sourceTree = "<group>"; };
		5D5815CC2BD28E0200428A1E /* SampleData.swift */ = {isa = PBXFileReference; lastKnownFileType = sourcecode.swift; path = SampleData.swift; sourceTree = "<group>"; };
		5D5815D02BD3521400428A1E /* SubBar.swift */ = {isa = PBXFileReference; lastKnownFileType = sourcecode.swift; path = SubBar.swift; sourceTree = "<group>"; };
		5D8588042BD3A5B3004D9F88 /* FetchjsonData.swift */ = {isa = PBXFileReference; lastKnownFileType = sourcecode.swift; path = FetchjsonData.swift; sourceTree = "<group>"; };
		5D8588062BD4042E004D9F88 /* JsonStructure.swift */ = {isa = PBXFileReference; lastKnownFileType = sourcecode.swift; path = JsonStructure.swift; sourceTree = "<group>"; };
		5DB987242BD94F000048B8AB /* TopBar.swift */ = {isa = PBXFileReference; lastKnownFileType = sourcecode.swift; path = TopBar.swift; sourceTree = "<group>"; };
/* End PBXFileReference section */

/* Begin PBXFrameworksBuildPhase section */
		5D5815AB2BD284D000428A1E /* Frameworks */ = {
			isa = PBXFrameworksBuildPhase;
			buildActionMask = 2147483647;
			files = (
			);
			runOnlyForDeploymentPostprocessing = 0;
		};
/* End PBXFrameworksBuildPhase section */

/* Begin PBXGroup section */
		5D5815A52BD284D000428A1E = {
			isa = PBXGroup;
			children = (
				5D5815B02BD284D000428A1E /* Openin */,
				5D5815AF2BD284D000428A1E /* Products */,
			);
			sourceTree = "<group>";
		};
		5D5815AF2BD284D000428A1E /* Products */ = {
			isa = PBXGroup;
			children = (
				5D5815AE2BD284D000428A1E /* Openin.app */,
			);
			name = Products;
			sourceTree = "<group>";
		};
		5D5815B02BD284D000428A1E /* Openin */ = {
			isa = PBXGroup;
			children = (
				5D85880D2BD50F67004D9F88 /* View */,
				5D85880C2BD50F4A004D9F88 /* Data */,
				5D5815B12BD284D000428A1E /* OpeninApp.swift */,
				5D8588042BD3A5B3004D9F88 /* FetchjsonData.swift */,
				5D5815B52BD284D300428A1E /* Assets.xcassets */,
				5D5815BA2BD284D300428A1E /* Persistence.swift */,
				5D5815BC2BD284D300428A1E /* Openin.xcdatamodeld */,
				5D5815B72BD284D300428A1E /* Preview Content */,
			);
			path = Openin;
			sourceTree = "<group>";
		};
		5D5815B72BD284D300428A1E /* Preview Content */ = {
			isa = PBXGroup;
			children = (
				5D5815B82BD284D300428A1E /* Preview Assets.xcassets */,
			);
			path = "Preview Content";
			sourceTree = "<group>";
		};
		5D85880C2BD50F4A004D9F88 /* Data */ = {
			isa = PBXGroup;
			children = (
				5D5815CC2BD28E0200428A1E /* SampleData.swift */,
				5D8588062BD4042E004D9F88 /* JsonStructure.swift */,
			);
			path = Data;
			sourceTree = "<group>";
		};
		5D85880D2BD50F67004D9F88 /* View */ = {
			isa = PBXGroup;
			children = (
				5D5815B32BD284D000428A1E /* DashboardView.swift */,
				5DB987242BD94F000048B8AB /* TopBar.swift */,
				5D5815C62BD28CF800428A1E /* LinkRow.swift */,
				5D5815D02BD3521400428A1E /* SubBar.swift */,
				5D5815CA2BD28D1400428A1E /* ChartView.swift */,
				5D5815C42BD28CDF00428A1E /* MetricTile.swift */,
				5D5815C82BD28D0500428A1E /* Toolbar.swift */,
			);
			path = View;
			sourceTree = "<group>";
		};
/* End PBXGroup section */

/* Begin PBXNativeTarget section */
		5D5815AD2BD284D000428A1E /* Openin */ = {
			isa = PBXNativeTarget;
			buildConfigurationList = 5D5815C12BD284D300428A1E /* Build configuration list for PBXNativeTarget "Openin" */;
			buildPhases = (
				5D5815AA2BD284D000428A1E /* Sources */,
				5D5815AB2BD284D000428A1E /* Frameworks */,
				5D5815AC2BD284D000428A1E /* Resources */,
			);
			buildRules = (
			);
			dependencies = (
			);
			name = Openin;
			productName = Openin;
			productReference = 5D5815AE2BD284D000428A1E /* Openin.app */;
			productType = "com.apple.product-type.application";
		};
/* End PBXNativeTarget section */

/* Begin PBXProject section */
		5D5815A62BD284D000428A1E /* Project object */ = {
			isa = PBXProject;
			attributes = {
				BuildIndependentTargetsInParallel = 1;
				LastSwiftUpdateCheck = 1530;
				LastUpgradeCheck = 1530;
				TargetAttributes = {
					5D5815AD2BD284D000428A1E = {
						CreatedOnToolsVersion = 15.3;
					};
				};
			};
			buildConfigurationList = 5D5815A92BD284D000428A1E /* Build configuration list for PBXProject "Openin" */;
			compatibilityVersion = "Xcode 14.0";
			developmentRegion = en;
			hasScannedForEncodings = 0;
			knownRegions = (
				en,
				Base,
			);
			mainGroup = 5D5815A52BD284D000428A1E;
			productRefGroup = 5D5815AF2BD284D000428A1E /* Products */;
			projectDirPath = "";
			projectRoot = "";
			targets = (
				5D5815AD2BD284D000428A1E /* Openin */,
			);
		};
/* End PBXProject section */

/* Begin PBXResourcesBuildPhase section */
		5D5815AC2BD284D000428A1E /* Resources */ = {
			isa = PBXResourcesBuildPhase;
			buildActionMask = 2147483647;
			files = (
				5D5815B92BD284D300428A1E /* Preview Assets.xcassets in Resources */,
				5D5815B62BD284D300428A1E /* Assets.xcassets in Resources */,
			);
			runOnlyForDeploymentPostprocessing = 0;
		};
/* End PBXResourcesBuildPhase section */

/* Begin PBXSourcesBuildPhase section */
		5D5815AA2BD284D000428A1E /* Sources */ = {
			isa = PBXSourcesBuildPhase;
			buildActionMask = 2147483647;
			files = (
				5D5815BE2BD284D300428A1E /* Openin.xcdatamodeld in Sources */,
				5D5815CB2BD28D1400428A1E /* ChartView.swift in Sources */,
				5D5815BB2BD284D300428A1E /* Persistence.swift in Sources */,
				5D8588052BD3A5B3004D9F88 /* FetchjsonData.swift in Sources */,
				5DB987252BD94F000048B8AB /* TopBar.swift in Sources */,
				5D5815C52BD28CDF00428A1E /* MetricTile.swift in Sources */,
				5D5815B42BD284D000428A1E /* DashboardView.swift in Sources */,
				5D5815D12BD3521400428A1E /* SubBar.swift in Sources */,
				5D5815C92BD28D0500428A1E /* Toolbar.swift in Sources */,
				5D5815C72BD28CF800428A1E /* LinkRow.swift in Sources */,
				5D8588072BD4042E004D9F88 /* JsonStructure.swift in Sources */,
				5D5815CD2BD28E0200428A1E /* SampleData.swift in Sources */,
				5D5815B22BD284D000428A1E /* OpeninApp.swift in Sources */,
			);
			runOnlyForDeploymentPostprocessing = 0;
		};
/* End PBXSourcesBuildPhase section */

/* Begin XCBuildConfiguration section */
		5D5815BF2BD284D300428A1E /* Debug */ = {
			isa = XCBuildConfiguration;
			buildSettings = {
				ALWAYS_SEARCH_USER_PATHS = NO;
				ASSETCATALOG_COMPILER_GENERATE_SWIFT_ASSET_SYMBOL_EXTENSIONS = YES;
				CLANG_ANALYZER_NONNULL = YES;
				CLANG_ANALYZER_NUMBER_OBJECT_CONVERSION = YES_AGGRESSIVE;
				CLANG_CXX_LANGUAGE_STANDARD = "gnu++20";
				CLANG_ENABLE_MODULES = YES;
				CLANG_ENABLE_OBJC_ARC = YES;
				CLANG_ENABLE_OBJC_WEAK = YES;
				CLANG_WARN_BLOCK_CAPTURE_AUTORELEASING = YES;
				CLANG_WARN_BOOL_CONVERSION = YES;
				CLANG_WARN_COMMA = YES;
				CLANG_WARN_CONSTANT_CONVERSION = YES;
				CLANG_WARN_DEPRECATED_OBJC_IMPLEMENTATIONS = YES;
				CLANG_WARN_DIRECT_OBJC_ISA_USAGE = YES_ERROR;
				CLANG_WARN_DOCUMENTATION_COMMENTS = YES;
				CLANG_WARN_EMPTY_BODY = YES;
				CLANG_WARN_ENUM_CONVERSION = YES;
				CLANG_WARN_INFINITE_RECURSION = YES;
				CLANG_WARN_INT_CONVERSION = YES;
				CLANG_WARN_NON_LITERAL_NULL_CONVERSION = YES;
				CLANG_WARN_OBJC_IMPLICIT_RETAIN_SELF = YES;
				CLANG_WARN_OBJC_LITERAL_CONVERSION = YES;
				CLANG_WARN_OBJC_ROOT_CLASS = YES_ERROR;
				CLANG_WARN_QUOTED_INCLUDE_IN_FRAMEWORK_HEADER = YES;
				CLANG_WARN_RANGE_LOOP_ANALYSIS = YES;
				CLANG_WARN_STRICT_PROTOTYPES = YES;
				CLANG_WARN_SUSPICIOUS_MOVE = YES;
				CLANG_WARN_UNGUARDED_AVAILABILITY = YES_AGGRESSIVE;
				CLANG_WARN_UNREACHABLE_CODE = YES;
				CLANG_WARN__DUPLICATE_METHOD_MATCH = YES;
				COPY_PHASE_STRIP = NO;
				DEBUG_INFORMATION_FORMAT = dwarf;
				ENABLE_STRICT_OBJC_MSGSEND = YES;
				ENABLE_TESTABILITY = YES;
				ENABLE_USER_SCRIPT_SANDBOXING = YES;
				GCC_C_LANGUAGE_STANDARD = gnu17;
				GCC_DYNAMIC_NO_PIC = NO;
				GCC_NO_COMMON_BLOCKS = YES;
				GCC_OPTIMIZATION_LEVEL = 0;
				GCC_PREPROCESSOR_DEFINITIONS = (
					"DEBUG=1",
					"$(inherited)",
				);
				GCC_WARN_64_TO_32_BIT_CONVERSION = YES;
				GCC_WARN_ABOUT_RETURN_TYPE = YES_ERROR;
				GCC_WARN_UNDECLARED_SELECTOR = YES;
				GCC_WARN_UNINITIALIZED_AUTOS = YES_AGGRESSIVE;
				GCC_WARN_UNUSED_FUNCTION = YES;
				GCC_WARN_UNUSED_VARIABLE = YES;
				IPHONEOS_DEPLOYMENT_TARGET = 17.4;
				LOCALIZATION_PREFERS_STRING_CATALOGS = YES;
				MTL_ENABLE_DEBUG_INFO = INCLUDE_SOURCE;
				MTL_FAST_MATH = YES;
				ONLY_ACTIVE_ARCH = YES;
				SDKROOT = iphoneos;
				SWIFT_ACTIVE_COMPILATION_CONDITIONS = "DEBUG $(inherited)";
				SWIFT_OPTIMIZATION_LEVEL = "-Onone";
			};
			name = Debug;
		};
		5D5815C02BD284D300428A1E /* Release */ = {
			isa = XCBuildConfiguration;
			buildSettings = {
				ALWAYS_SEARCH_USER_PATHS = NO;
				ASSETCATALOG_COMPILER_GENERATE_SWIFT_ASSET_SYMBOL_EXTENSIONS = YES;
				CLANG_ANALYZER_NONNULL = YES;
				CLANG_ANALYZER_NUMBER_OBJECT_CONVERSION = YES_AGGRESSIVE;
				CLANG_CXX_LANGUAGE_STANDARD = "gnu++20";
				CLANG_ENABLE_MODULES = YES;
				CLANG_ENABLE_OBJC_ARC = YES;
				CLANG_ENABLE_OBJC_WEAK = YES;
				CLANG_WARN_BLOCK_CAPTURE_AUTORELEASING = YES;
				CLANG_WARN_BOOL_CONVERSION = YES;
				CLANG_WARN_COMMA = YES;
				CLANG_WARN_CONSTANT_CONVERSION = YES;
				CLANG_WARN_DEPRECATED_OBJC_IMPLEMENTATIONS = YES;
				CLANG_WARN_DIRECT_OBJC_ISA_USAGE = YES_ERROR;
				CLANG_WARN_DOCUMENTATION_COMMENTS = YES;
				CLANG_WARN_EMPTY_BODY = YES;
				CLANG_WARN_ENUM_CONVERSION = YES;
				CLANG_WARN_INFINITE_RECURSION = YES;
				CLANG_WARN_INT_CONVERSION = YES;
				CLANG_WARN_NON_LITERAL_NULL_CONVERSION = YES;
				CLANG_WARN_OBJC_IMPLICIT_RETAIN_SELF = YES;
				CLANG_WARN_OBJC_LITERAL_CONVERSION = YES;
				CLANG_WARN_OBJC_ROOT_CLASS = YES_ERROR;
				CLANG_WARN_QUOTED_INCLUDE_IN_FRAMEWORK_HEADER = YES;
				CLANG_WARN_RANGE_LOOP_ANALYSIS = YES;
				CLANG_WARN_STRICT_PROTOTYPES = YES;
				CLANG_WARN_SUSPICIOUS_MOVE = YES;
				CLANG_WARN_UNGUARDED_AVAILABILITY = YES_AGGRESSIVE;
				CLANG_WARN_UNREACHABLE_CODE = YES;
				CLANG_WARN__DUPLICATE_METHOD_MATCH = YES;
				COPY_PHASE_STRIP = NO;
				DEBUG_INFORMATION_FORMAT = "dwarf-with-dsym";
				ENABLE_NS_ASSERTIONS = NO;
				ENABLE_STRICT_OBJC_MSGSEND = YES;
				ENABLE_USER_SCRIPT_SANDBOXING = YES;
				GCC_C_LANGUAGE_STANDARD = gnu17;
				GCC_NO_COMMON_BLOCKS = YES;
				GCC_WARN_64_TO_32_BIT_CONVERSION = YES;
				GCC_WARN_ABOUT_RETURN_TYPE = YES_ERROR;
				GCC_WARN_UNDECLARED_SELECTOR = YES;
				GCC_WARN_UNINITIALIZED_AUTOS = YES_AGGRESSIVE;
				GCC_WARN_UNUSED_FUNCTION = YES;
				GCC_WARN_UNUSED_VARIABLE = YES;
				IPHONEOS_DEPLOYMENT_TARGET = 17.4;
				LOCALIZATION_PREFERS_STRING_CATALOGS = YES;
				MTL_ENABLE_DEBUG_INFO = NO;
				MTL_FAST_MATH = YES;
				SDKROOT = iphoneos;
				SWIFT_COMPILATION_MODE = wholemodule;
				VALIDATE_PRODUCT = YES;
			};
			name = Release;
		};
		5D5815C22BD284D300428A1E /* Debug */ = {
			isa = XCBuildConfiguration;
			buildSettings = {
				ASSETCATALOG_COMPILER_APPICON_NAME = AppIcon;
				ASSETCATALOG_COMPILER_GLOBAL_ACCENT_COLOR_NAME = AccentColor;
				CODE_SIGN_STYLE = Automatic;
				CURRENT_PROJECT_VERSION = 1;
				DEVELOPMENT_ASSET_PATHS = "\"Openin/Preview Content\"";
				DEVELOPMENT_TEAM = 3P3U576Q35;
				ENABLE_PREVIEWS = YES;
				GENERATE_INFOPLIST_FILE = YES;
				INFOPLIST_KEY_UIApplicationSceneManifest_Generation = YES;
				INFOPLIST_KEY_UIApplicationSupportsIndirectInputEvents = YES;
				INFOPLIST_KEY_UILaunchScreen_Generation = YES;
				INFOPLIST_KEY_UISupportedInterfaceOrientations_iPad = "UIInterfaceOrientationPortrait UIInterfaceOrientationPortraitUpsideDown UIInterfaceOrientationLandscapeLeft UIInterfaceOrientationLandscapeRight";
				INFOPLIST_KEY_UISupportedInterfaceOrientations_iPhone = "UIInterfaceOrientationPortrait UIInterfaceOrientationLandscapeLeft UIInterfaceOrientationLandscapeRight";
				LD_RUNPATH_SEARCH_PATHS = (
					"$(inherited)",
					"@executable_path/Frameworks",
				);
				MARKETING_VERSION = 1.0;
				PRODUCT_BUNDLE_IDENTIFIER = com.Tmcode.Openin;
				PRODUCT_NAME = "$(TARGET_NAME)";
				SWIFT_EMIT_LOC_STRINGS = YES;
				SWIFT_VERSION = 5.0;
				TARGETED_DEVICE_FAMILY = "1,2";
			};
			name = Debug;
		};
		5D5815C32BD284D300428A1E /* Release */ = {
			isa = XCBuildConfiguration;
			buildSettings = {
				ASSETCATALOG_COMPILER_APPICON_NAME = AppIcon;
				ASSETCATALOG_COMPILER_GLOBAL_ACCENT_COLOR_NAME = AccentColor;
				CODE_SIGN_STYLE = Automatic;
				CURRENT_PROJECT_VERSION = 1;
				DEVELOPMENT_ASSET_PATHS = "\"Openin/Preview Content\"";
				DEVELOPMENT_TEAM = 3P3U576Q35;
				ENABLE_PREVIEWS = YES;
				GENERATE_INFOPLIST_FILE = YES;
				INFOPLIST_KEY_UIApplicationSceneManifest_Generation = YES;
				INFOPLIST_KEY_UIApplicationSupportsIndirectInputEvents = YES;
				INFOPLIST_KEY_UILaunchScreen_Generation = YES;
				INFOPLIST_KEY_UISupportedInterfaceOrientations_iPad = "UIInterfaceOrientationPortrait UIInterfaceOrientationPortraitUpsideDown UIInterfaceOrientationLandscapeLeft UIInterfaceOrientationLandscapeRight";
				INFOPLIST_KEY_UISupportedInterfaceOrientations_iPhone = "UIInterfaceOrientationPortrait UIInterfaceOrientationLandscapeLeft UIInterfaceOrientationLandscapeRight";
				LD_RUNPATH_SEARCH_PATHS = (
					"$(inherited)",
					"@executable_path/Frameworks",
				);
				MARKETING_VERSION = 1.0;
				PRODUCT_BUNDLE_IDENTIFIER = com.Tmcode.Openin;
				PRODUCT_NAME = "$(TARGET_NAME)";
				SWIFT_EMIT_LOC_STRINGS = YES;
				SWIFT_VERSION = 5.0;
				TARGETED_DEVICE_FAMILY = "1,2";
			};
			name = Release;
		};
/* End XCBuildConfiguration section */

/* Begin XCConfigurationList section */
		5D5815A92BD284D000428A1E /* Build configuration list for PBXProject "Openin" */ = {
			isa = XCConfigurationList;
			buildConfigurations = (
				5D5815BF2BD284D300428A1E /* Debug */,
				5D5815C02BD284D300428A1E /* Release */,
			);
			defaultConfigurationIsVisible = 0;
			defaultConfigurationName = Release;
		};
		5D5815C12BD284D300428A1E /* Build configuration list for PBXNativeTarget "Openin" */ = {
			isa = XCConfigurationList;
			buildConfigurations = (
				5D5815C22BD284D300428A1E /* Debug */,
				5D5815C32BD284D300428A1E /* Release */,
			);
			defaultConfigurationIsVisible = 0;
			defaultConfigurationName = Release;
		};
/* End XCConfigurationList section */

/* Begin XCVersionGroup section */
		5D5815BC2BD284D300428A1E /* Openin.xcdatamodeld */ = {
			isa = XCVersionGroup;
			children = (
				5D5815BD2BD284D300428A1E /* Openin.xcdatamodel */,
			);
			currentVersion = 5D5815BD2BD284D300428A1E /* Openin.xcdatamodel */;
			path = Openin.xcdatamodeld;
			sourceTree = "<group>";
			versionGroupType = wrapper.xcdatamodel;
		};
/* End XCVersionGroup section */
	};
	rootObject = 5D5815A62BD284D000428A1E /* Project object */;
}
